
Microsoft Visual Studio Solution File, Format Version 12.00
# Visual Studio Version 16
VisualStudioVersion = 16.0.31515.178
MinimumVisualStudioVersion = 10.0.40219.1
Project("{9A19103F-16F7-4668-BE54-9A1E7A4F7556}") = "Randomazer", "Randomazer.csproj", "{37B8F7A7-2EC1-4D0C-83CE-DCF70DD64300}"
EndProject
Global
	GlobalSection(SolutionConfigurationPlatforms) = preSolution
		Debug|Any CPU = Debug|Any CPU
		Release|Any CPU = Release|Any CPU
	EndGlobalSection
	GlobalSection(ProjectConfigurationPlatforms) = postSolution
		{37B8F7A7-2EC1-4D0C-83CE-DCF70DD64300}.Debug|Any CPU.ActiveCfg = Debug|Any CPU
		{37B8F7A7-2EC1-4D0C-83CE-DCF70DD64300}.Debug|Any CPU.Build.0 = Debug|Any CPU
		{37B8F7A7-2EC1-4D0C-83CE-DCF70DD64300}.Release|Any CPU.ActiveCfg = Release|Any CPU
		{37B8F7A7-2EC1-4D0C-83CE-DCF70DD64300}.Release|Any CPU.Build.0 = Release|Any CPU
	EndGlobalSection
	GlobalSection(SolutionProperties) = preSolution
		HideSolutionNode = FALSE
	EndGlobalSection
	GlobalSection(ExtensibilityGlobals) = postSolution
		SolutionGuid = {06CE946D-4F73-4BFD-9520-998E327A0A72}
	EndGlobalSection
EndGlobal
